# APM Lock File — do not edit manually
# Generated by install-apm-bundle
schema: https://ssg-ai-backbone.io/schemas/apm-lock/v1
version: "1.1.53"
mode: standard
provider: github-copilot
installed_at: "2026-09-04T08:35:23Z"
updated_at: "2026-09-04T08:35:23Z"
source:
  type: release
  package: ssg-ai-backbone
  archive: ssg-ai-backbone-copilot.tar.gz
  checksum: "sha256:f9e2b6eccdda73b3b1283a7f7b8a6ae88520aeba10e2db3d3b99430190ba269f"
